
Microsoft Visual Studio Solution File, Format Version 12.00
# Visual Studio Version 16
VisualStudioVersion = 16.0.30907.101
MinimumVisualStudioVersion = 10.0.40219.1
Project("{FAE04EC0-301F-11D3-BF4B-00C04F79EFBC}") = "TarjetaApi", "TarjetaApi\TarjetaApi.csproj", "{F171D069-4367-4FC9-B348-EFC6EBA7862D}"
EndProject
Global
	GlobalSection(SolutionConfigurationPlatforms) = preSolution
		Debug|Any CPU = Debug|Any CPU
		Release|Any CPU = Release|Any CPU
	EndGlobalSection
	GlobalSection(ProjectConfigurationPlatforms) = postSolution
		{F171D069-4367-4FC9-B348-EFC6EBA7862D}.Debug|Any CPU.ActiveCfg = Debug|Any CPU
		{F171D069-4367-4FC9-B348-EFC6EBA7862D}.Debug|Any CPU.Build.0 = Debug|Any CPU
		{F171D069-4367-4FC9-B348-EFC6EBA7862D}.Release|Any CPU.ActiveCfg = Release|Any CPU
		{F171D069-4367-4FC9-B348-EFC6EBA7862D}.Release|Any CPU.Build.0 = Release|Any CPU
	EndGlobalSection
	GlobalSection(SolutionProperties) = preSolution
		HideSolutionNode = FALSE
	EndGlobalSection
	GlobalSection(ExtensibilityGlobals) = postSolution
		SolutionGuid = {29699D20-723A-4221-A707-37E85B7B3D01}
	EndGlobalSection
EndGlobal
